
Microsoft Visual Studio Solution File, Format Version 12.00
# Visual Studio 15
VisualStudioVersion = 15.0.28307.1401
MinimumVisualStudioVersion = 10.0.40219.1
Project("{8BC9CEB8-8B4A-11D0-8D11-00A0C91BC942}") = "3D_VIEWER", "3D_VIEWER\3D_VIEWER.vcxproj", "{726E386A-F0CC-46CC-94D9-3177FDE2A38C}"
EndProject
Global
	GlobalSection(SolutionConfigurationPlatforms) = preSolution
		Debug|x64 = Debug|x64
		Debug|x86 = Debug|x86
		Release|x64 = Release|x64
		Release|x86 = Release|x86
	EndGlobalSection
	GlobalSection(ProjectConfigurationPlatforms) = postSolution
		{726E386A-F0CC-46CC-94D9-3177FDE2A38C}.Debug|x64.ActiveCfg = Debug|x64
		{726E386A-F0CC-46CC-94D9-3177FDE2A38C}.Debug|x64.Build.0 = Debug|x64
		{726E386A-F0CC-46CC-94D9-3177FDE2A38C}.Debug|x86.ActiveCfg = Debug|Win32
		{726E386A-F0CC-46CC-94D9-3177FDE2A38C}.Debug|x86.Build.0 = Debug|Win32
		{726E386A-F0CC-46CC-94D9-3177FDE2A38C}.Release|x64.ActiveCfg = Release|x64
		{726E386A-F0CC-46CC-94D9-3177FDE2A38C}.Release|x64.Build.0 = Release|x64
		{726E386A-F0CC-46CC-94D9-3177FDE2A38C}.Release|x86.ActiveCfg = Release|Win32
		{726E386A-F0CC-46CC-94D9-3177FDE2A38C}.Release|x86.Build.0 = Release|Win32
	EndGlobalSection
	GlobalSection(SolutionProperties) = preSolution
		HideSolutionNode = FALSE
	EndGlobalSection
	GlobalSection(ExtensibilityGlobals) = postSolution
		SolutionGuid = {14513BBE-A106-477E-966B-A6643524D18A}
	EndGlobalSection
EndGlobal
